
Microsoft Visual Studio Solution File, Format Version 12.00
# Visual Studio Version 16
VisualStudioVersion = 16.0.29806.167
MinimumVisualStudioVersion = 10.0.40219.1
Project("{FAE04EC0-301F-11D3-BF4B-00C04F79EFBC}") = "Assignment3_sqlServer", "Assignment3_sqlServer.csproj", "{BACD2F40-9D04-49C8-A93A-02D16721F484}"
EndProject
Project("{FAE04EC0-301F-11D3-BF4B-00C04F79EFBC}") = "BAL_assign3", "..\BAL_assign3\BAL_assign3.csproj", "{93F3B6A4-96E5-4C53-9320-4E6B3B03E926}"
EndProject
Project("{FAE04EC0-301F-11D3-BF4B-00C04F79EFBC}") = "DAL_assign3", "..\DAL_assign3\DAL_assign3.csproj", "{760F8474-43A0-42CB-990A-9E7E3B131E6C}"
EndProject
Project("{FAE04EC0-301F-11D3-BF4B-00C04F79EFBC}") = "Entities_assign3", "..\Entities_assign3\Entities_assign3.csproj", "{086CEA61-9EF6-4DD5-A2D8-70CB5C27CCB9}"
EndProject
Project("{FAE04EC0-301F-11D3-BF4B-00C04F79EFBC}") = "webAPI", "..\webAPI\webAPI.csproj", "{6D4B8D3B-96CE-4208-B44C-ED5C73CEA1D8}"
EndProject
Global
	GlobalSection(SolutionConfigurationPlatforms) = preSolution
		Debug|Any CPU = Debug|Any CPU
		Release|Any CPU = Release|Any CPU
	EndGlobalSection
	GlobalSection(ProjectConfigurationPlatforms) = postSolution
		{BACD2F40-9D04-49C8-A93A-02D16721F484}.Debug|Any CPU.ActiveCfg = Debug|Any CPU
		{BACD2F40-9D04-49C8-A93A-02D16721F484}.Debug|Any CPU.Build.0 = Debug|Any CPU
		{BACD2F40-9D04-49C8-A93A-02D16721F484}.Release|Any CPU.ActiveCfg = Release|Any CPU
		{BACD2F40-9D04-49C8-A93A-02D16721F484}.Release|Any CPU.Build.0 = Release|Any CPU
		{93F3B6A4-96E5-4C53-9320-4E6B3B03E926}.Debug|Any CPU.ActiveCfg = Debug|Any CPU
		{93F3B6A4-96E5-4C53-9320-4E6B3B03E926}.Debug|Any CPU.Build.0 = Debug|Any CPU
		{93F3B6A4-96E5-4C53-9320-4E6B3B03E926}.Release|Any CPU.ActiveCfg = Release|Any CPU
		{93F3B6A4-96E5-4C53-9320-4E6B3B03E926}.Release|Any CPU.Build.0 = Release|Any CPU
		{760F8474-43A0-42CB-990A-9E7E3B131E6C}.Debug|Any CPU.ActiveCfg = Debug|Any CPU
		{760F8474-43A0-42CB-990A-9E7E3B131E6C}.Debug|Any CPU.Build.0 = Debug|Any CPU
		{760F8474-43A0-42CB-990A-9E7E3B131E6C}.Release|Any CPU.ActiveCfg = Release|Any CPU
		{760F8474-43A0-42CB-990A-9E7E3B131E6C}.Release|Any CPU.Build.0 = Release|Any CPU
		{086CEA61-9EF6-4DD5-A2D8-70CB5C27CCB9}.Debug|Any CPU.ActiveCfg = Debug|Any CPU
		{086CEA61-9EF6-4DD5-A2D8-70CB5C27CCB9}.Debug|Any CPU.Build.0 = Debug|Any CPU
		{086CEA61-9EF6-4DD5-A2D8-70CB5C27CCB9}.Release|Any CPU.ActiveCfg = Release|Any CPU
		{086CEA61-9EF6-4DD5-A2D8-70CB5C27CCB9}.Release|Any CPU.Build.0 = Release|Any CPU
		{6D4B8D3B-96CE-4208-B44C-ED5C73CEA1D8}.Debug|Any CPU.ActiveCfg = Debug|Any CPU
		{6D4B8D3B-96CE-4208-B44C-ED5C73CEA1D8}.Debug|Any CPU.Build.0 = Debug|Any CPU
		{6D4B8D3B-96CE-4208-B44C-ED5C73CEA1D8}.Release|Any CPU.ActiveCfg = Release|Any CPU
		{6D4B8D3B-96CE-4208-B44C-ED5C73CEA1D8}.Release|Any CPU.Build.0 = Release|Any CPU
	EndGlobalSection
	GlobalSection(SolutionProperties) = preSolution
		HideSolutionNode = FALSE
	EndGlobalSection
	GlobalSection(ExtensibilityGlobals) = postSolution
		SolutionGuid = {790A9BEE-939F-4740-8679-8EFDDA985F07}
	EndGlobalSection
EndGlobal
